# This file is generated by running "yarn install" inside your project.
# Manual changes might be lost - proceed with caution!

__metadata:
  version: 4
  cacheKey: 7

"@babel/runtime@npm:^7.9.2":
  version: 7.14.6
  resolution: "@babel/runtime@npm:7.14.6"
  dependencies:
    regenerator-runtime: ^0.13.4
  checksum: dd931f6ef1c8dab295c4a00c592db6352bf12a5c443f8222304d5c1d3e88d795fa949afcb6f053eec2e69e9827a17ff274524c1cd43813f56b61e3a540274d2f
  languageName: node
  linkType: hard

"ansi-styles@npm:^4.1.0":
  version: 4.3.0
  resolution: "ansi-styles@npm:4.3.0"
  dependencies:
    color-convert: ^2.0.1
  checksum: ea02c0179f3dd089a161f5fdd7ccd89dd84f31d82b68869f1134bf5c5b9e1313dadd2ff9edb02b44f46243f285ef5b785f6cb61c84a293694221417c42934407
  languageName: node
  linkType: hard

"chalk@npm:^4.1.1":
  version: 4.1.1
  resolution: "chalk@npm:4.1.1"
  dependencies:
    ansi-styles: ^4.1.0
    supports-color: ^7.1.0
  checksum: 445c12db7aeed0046500a1e4184d31209a77d165654c885a789c41c8598a6a95bd2392180987cac572c967b93a2a730dda778bb7f87fa06ca63fd8592f8cc59f
  languageName: node
  linkType: hard

"color-convert@npm:^2.0.1":
  version: 2.0.1
  resolution: "color-convert@npm:2.0.1"
  dependencies:
    color-name: ~1.1.4
  checksum: 3d5d8a011a43012ca11b6d739049ecf2055d95582fd16ec44bf1e685eb0baa5cc652002be8a1dc92b429c8d87418287d0528266a7595cb1ad8a7f4f1d3049df2
  languageName: node
  linkType: hard

"color-name@npm:~1.1.4":
  version: 1.1.4
  resolution: "color-name@npm:1.1.4"
  checksum: 3e1c9a4dee12eada307436f61614dd11fe300469db2b83f80c8b7a7cd8a1015f0f18dd13403f018927b249003777ff60baba4a03c65f12e6bddc0dfd9642021f
  languageName: node
  linkType: hard

"faker@npm:^5.5.3":
  version: 5.5.3
  resolution: "faker@npm:5.5.3"
  checksum: d03b74947497b9f6e16ce3b8e06299f95190f942064fc8a43ebfc39b0c447160e00fdf2355060a2589b4aa5827ddcf35cc50674f5a229b2d367b2eb5a3380490
  languageName: node
  linkType: hard

"has-flag@npm:^4.0.0":
  version: 4.0.0
  resolution: "has-flag@npm:4.0.0"
  checksum: 2e5391139d3d287231ccb58659702392f6e3abeac3296fb4721afaff46493f3d9b99a9329ae015dfe973aa206ed5c75f43e86aec0267dce79aa5c2b6e811b3ad
  languageName: node
  linkType: hard

"redux@npm:^4.1.0":
  version: 4.1.0
  resolution: "redux@npm:4.1.0"
  dependencies:
    "@babel/runtime": ^7.9.2
  checksum: d939d0df1e12982c66c0ea767c8ec98276ee981ce0381222239b7f823c6ad02ea3e3c622859bcb4934446b3f86d735db35d7bd8b1697d359070e5fbef1f4ad49
  languageName: node
  linkType: hard

"reduxten@workspace:.":
  version: 0.0.0-use.local
  resolution: "reduxten@workspace:."
  dependencies:
    chalk: ^4.1.1
    faker: ^5.5.3
    redux: ^4.1.0
  languageName: unknown
  linkType: soft

"regenerator-runtime@npm:^0.13.4":
  version: 0.13.8
  resolution: "regenerator-runtime@npm:0.13.8"
  checksum: 20178f5753f181d59691e5c3b4c59a2769987f75c7ccf325777673b5478acca61a553b10e895585086c222f72f5ee428090acf50320264de4b79f630f7388653
  languageName: node
  linkType: hard

"supports-color@npm:^7.1.0":
  version: 7.2.0
  resolution: "supports-color@npm:7.2.0"
  dependencies:
    has-flag: ^4.0.0
  checksum: 8e57067c39216f3c2ffce7cc14ca934d54746192571203aa9c9922d97d2d55cc1bdaa9e41a11f91e620670b5a74ebdec6b548a885d8cc2dea7cab59e21416029
  languageName: node
  linkType: hard
